
Microsoft Visual Studio Solution File, Format Version 12.00
# Visual Studio Version 16
VisualStudioVersion = 16.0.32413.511
MinimumVisualStudioVersion = 10.0.40219.1
Project("{FAE04EC0-301F-11D3-BF4B-00C04F79EFBC}") = "CanalDenunciaWeb", "CanalDenunciaWeb.csproj", "{8708549F-8C93-49DB-8282-F627862B9003}"
EndProject
Project("{FAE04EC0-301F-11D3-BF4B-00C04F79EFBC}") = "CanalDenunciaWeb.Data", "..\CanalDenuncia.Data\CanalDenunciaWeb.Data.csproj", "{422788A8-892C-49AE-BB49-33BBD6FD2F41}"
EndProject
Global
	GlobalSection(SolutionConfigurationPlatforms) = preSolution
		Debug|Any CPU = Debug|Any CPU
		Release|Any CPU = Release|Any CPU
	EndGlobalSection
	GlobalSection(ProjectConfigurationPlatforms) = postSolution
		{8708549F-8C93-49DB-8282-F627862B9003}.Debug|Any CPU.ActiveCfg = Debug|Any CPU
		{8708549F-8C93-49DB-8282-F627862B9003}.Debug|Any CPU.Build.0 = Debug|Any CPU
		{8708549F-8C93-49DB-8282-F627862B9003}.Release|Any CPU.ActiveCfg = Release|Any CPU
		{8708549F-8C93-49DB-8282-F627862B9003}.Release|Any CPU.Build.0 = Release|Any CPU
		{422788A8-892C-49AE-BB49-33BBD6FD2F41}.Debug|Any CPU.ActiveCfg = Debug|Any CPU
		{422788A8-892C-49AE-BB49-33BBD6FD2F41}.Debug|Any CPU.Build.0 = Debug|Any CPU
		{422788A8-892C-49AE-BB49-33BBD6FD2F41}.Release|Any CPU.ActiveCfg = Release|Any CPU
		{422788A8-892C-49AE-BB49-33BBD6FD2F41}.Release|Any CPU.Build.0 = Release|Any CPU
	EndGlobalSection
	GlobalSection(SolutionProperties) = preSolution
		HideSolutionNode = FALSE
	EndGlobalSection
	GlobalSection(ExtensibilityGlobals) = postSolution
		SolutionGuid = {B762A216-4FCD-4EDB-BA45-C0F1B9A893F7}
	EndGlobalSection
EndGlobal
